// !$*UTF8*$!
{
	archiveVersion = 1;
	classes = {
	};
	objectVersion = 50;
	objects = {

/* Begin PBXBuildFile section */
		AB261345259808D200D36B8A /* RemoveRefeicaoViewController.swift in Sources */ = {isa = PBXBuildFile; fileRef = AB261344259808D200D36B8A /* RemoveRefeicaoViewController.swift */; };
		AB49D3D22597803E0070E974 /* AdicionarItensViewController.swift in Sources */ = {isa = PBXBuildFile; fileRef = AB49D3D02597803E0070E974 /* AdicionarItensViewController.swift */; };
		AB49D3D32597803E0070E974 /* AdicionarItensViewController.xib in Resources */ = {isa = PBXBuildFile; fileRef = AB49D3D12597803E0070E974 /* AdicionarItensViewController.xib */; };
		AB49D3D52597C8D90070E974 /* Alerta.swift in Sources */ = {isa = PBXBuildFile; fileRef = AB49D3D42597C8D90070E974 /* Alerta.swift */; };
		AB722550259933B700E401B1 /* RefeicaoDao.swift in Sources */ = {isa = PBXBuildFile; fileRef = AB72254F259933B700E401B1 /* RefeicaoDao.swift */; };
		AB72255225993E6E00E401B1 /* ItemDao.swift in Sources */ = {isa = PBXBuildFile; fileRef = AB72255125993E6E00E401B1 /* ItemDao.swift */; };
		AB79C3AC258BBF9F0057FF3F /* AppDelegate.swift in Sources */ = {isa = PBXBuildFile; fileRef = AB79C3AB258BBF9F0057FF3F /* AppDelegate.swift */; };
		AB79C3AE258BBF9F0057FF3F /* ViewController.swift in Sources */ = {isa = PBXBuildFile; fileRef = AB79C3AD258BBF9F0057FF3F /* ViewController.swift */; };
		AB79C3B1258BBF9F0057FF3F /* Main.storyboard in Resources */ = {isa = PBXBuildFile; fileRef = AB79C3AF258BBF9F0057FF3F /* Main.storyboard */; };
		AB79C3B3258BBFA20057FF3F /* Assets.xcassets in Resources */ = {isa = PBXBuildFile; fileRef = AB79C3B2258BBFA20057FF3F /* Assets.xcassets */; };
		AB79C3B6258BBFA20057FF3F /* LaunchScreen.storyboard in Resources */ = {isa = PBXBuildFile; fileRef = AB79C3B4258BBFA20057FF3F /* LaunchScreen.storyboard */; };
		ABF81EA325911BD400505CA2 /* Refeicao.swift in Sources */ = {isa = PBXBuildFile; fileRef = ABF81EA225911BD400505CA2 /* Refeicao.swift */; };
		ABF81EA525911CC400505CA2 /* Item.swift in Sources */ = {isa = PBXBuildFile; fileRef = ABF81EA425911CC400505CA2 /* Item.swift */; };
		ABF81EE6259151DF00505CA2 /* RefeicoesTableViewControllers.swift in Sources */ = {isa = PBXBuildFile; fileRef = ABF81EE5259151DF00505CA2 /* RefeicoesTableViewControllers.swift */; };
/* End PBXBuildFile section */

/* Begin PBXFileReference section */
		AB261344259808D200D36B8A /* RemoveRefeicaoViewController.swift */ = {isa = PBXFileReference; lastKnownFileType = sourcecode.swift; path = RemoveRefeicaoViewController.swift; sourceTree = "<group>"; };
		AB3BA38A258D3C7600DC4F34 /* MyPlayground.playground */ = {isa = PBXFileReference; lastKnownFileType = file.playground; name = MyPlayground.playground; path = "../../../../../Library/Autosave Information/MyPlayground.playground"; sourceTree = "<group>"; xcLanguageSpecificationIdentifier = xcode.lang.swift; };
		AB49D3D02597803E0070E974 /* AdicionarItensViewController.swift */ = {isa = PBXFileReference; lastKnownFileType = sourcecode.swift; path = AdicionarItensViewController.swift; sourceTree = "<group>"; };
		AB49D3D12597803E0070E974 /* AdicionarItensViewController.xib */ = {isa = PBXFileReference; lastKnownFileType = file.xib; path = AdicionarItensViewController.xib; sourceTree = "<group>"; };
		AB49D3D42597C8D90070E974 /* Alerta.swift */ = {isa = PBXFileReference; lastKnownFileType = sourcecode.swift; path = Alerta.swift; sourceTree = "<group>"; };
		AB72254F259933B700E401B1 /* RefeicaoDao.swift */ = {isa = PBXFileReference; lastKnownFileType = sourcecode.swift; path = RefeicaoDao.swift; sourceTree = "<group>"; };
		AB72255125993E6E00E401B1 /* ItemDao.swift */ = {isa = PBXFileReference; lastKnownFileType = sourcecode.swift; path = ItemDao.swift; sourceTree = "<group>"; };
		AB79C3A8258BBF9F0057FF3F /* eggplant-brownie.app */ = {isa = PBXFileReference; explicitFileType = wrapper.application; includeInIndex = 0; path = "eggplant-brownie.app"; sourceTree = BUILT_PRODUCTS_DIR; };
		AB79C3AB258BBF9F0057FF3F /* AppDelegate.swift */ = {isa = PBXFileReference; lastKnownFileType = sourcecode.swift; path = AppDelegate.swift; sourceTree = "<group>"; };
		AB79C3AD258BBF9F0057FF3F /* ViewController.swift */ = {isa = PBXFileReference; lastKnownFileType = sourcecode.swift; path = ViewController.swift; sourceTree = "<group>"; };
		AB79C3B0258BBF9F0057FF3F /* Base */ = {isa = PBXFileReference; lastKnownFileType = file.storyboard; name = Base; path = Base.lproj/Main.storyboard; sourceTree = "<group>"; };
		AB79C3B2258BBFA20057FF3F /* Assets.xcassets */ = {isa = PBXFileReference; lastKnownFileType = folder.assetcatalog; path = Assets.xcassets; sourceTree = "<group>"; };
		AB79C3B5258BBFA20057FF3F /* Base */ = {isa = PBXFileReference; lastKnownFileType = file.storyboard; name = Base; path = Base.lproj/LaunchScreen.storyboard; sourceTree = "<group>"; };
		AB79C3B7258BBFA20057FF3F /* Info.plist */ = {isa = PBXFileReference; lastKnownFileType = text.plist.xml; path = Info.plist; sourceTree = "<group>"; };
		ABF81EA225911BD400505CA2 /* Refeicao.swift */ = {isa = PBXFileReference; lastKnownFileType = sourcecode.swift; path = Refeicao.swift; sourceTree = "<group>"; };
		ABF81EA425911CC400505CA2 /* Item.swift */ = {isa = PBXFileReference; lastKnownFileType = sourcecode.swift; path = Item.swift; sourceTree = "<group>"; };
		ABF81EE5259151DF00505CA2 /* RefeicoesTableViewControllers.swift */ = {isa = PBXFileReference; lastKnownFileType = sourcecode.swift; path = RefeicoesTableViewControllers.swift; sourceTree = "<group>"; };
/* End PBXFileReference section */

/* Begin PBXFrameworksBuildPhase section */
		AB79C3A5258BBF9F0057FF3F /* Frameworks */ = {
			isa = PBXFrameworksBuildPhase;
			buildActionMask = 2147483647;
			files = (
			);
			runOnlyForDeploymentPostprocessing = 0;
		};
/* End PBXFrameworksBuildPhase section */

/* Begin PBXGroup section */
		AB79C39F258BBF9F0057FF3F = {
			isa = PBXGroup;
			children = (
				AB79C3AA258BBF9F0057FF3F /* eggplant-brownie */,
				AB79C3A9258BBF9F0057FF3F /* Products */,
			);
			sourceTree = "<group>";
		};
		AB79C3A9258BBF9F0057FF3F /* Products */ = {
			isa = PBXGroup;
			children = (
				AB79C3A8258BBF9F0057FF3F /* eggplant-brownie.app */,
			);
			name = Products;
			sourceTree = "<group>";
		};
		AB79C3AA258BBF9F0057FF3F /* eggplant-brownie */ = {
			isa = PBXGroup;
			children = (
				AB79C3AB258BBF9F0057FF3F /* AppDelegate.swift */,
				ABF81EA625911D5900505CA2 /* Models */,
				ABF81EA825911D9900505CA2 /* Views */,
				ABF81EA725911D8600505CA2 /* Controllers */,
				AB79C3B2258BBFA20057FF3F /* Assets.xcassets */,
				AB3BA38A258D3C7600DC4F34 /* MyPlayground.playground */,
				AB79C3B4258BBFA20057FF3F /* LaunchScreen.storyboard */,
				AB79C3B7258BBFA20057FF3F /* Info.plist */,
			);
			path = "eggplant-brownie";
			sourceTree = "<group>";
		};
		ABF81EA625911D5900505CA2 /* Models */ = {
			isa = PBXGroup;
			children = (
				ABF81EA425911CC400505CA2 /* Item.swift */,
				ABF81EA225911BD400505CA2 /* Refeicao.swift */,
				AB49D3D42597C8D90070E974 /* Alerta.swift */,
				AB72254F259933B700E401B1 /* RefeicaoDao.swift */,
				AB72255125993E6E00E401B1 /* ItemDao.swift */,
			);
			path = Models;
			sourceTree = "<group>";
		};
		ABF81EA725911D8600505CA2 /* Controllers */ = {
			isa = PBXGroup;
			children = (
				AB79C3AD258BBF9F0057FF3F /* ViewController.swift */,
				ABF81EE5259151DF00505CA2 /* RefeicoesTableViewControllers.swift */,
				AB49D3D02597803E0070E974 /* AdicionarItensViewController.swift */,
				AB261344259808D200D36B8A /* RemoveRefeicaoViewController.swift */,
			);
			path = Controllers;
			sourceTree = "<group>";
		};
		ABF81EA825911D9900505CA2 /* Views */ = {
			isa = PBXGroup;
			children = (
				AB79C3AF258BBF9F0057FF3F /* Main.storyboard */,
				AB49D3D12597803E0070E974 /* AdicionarItensViewController.xib */,
			);
			path = Views;
			sourceTree = "<group>";
		};
/* End PBXGroup section */

/* Begin PBXNativeTarget section */
		AB79C3A7258BBF9F0057FF3F /* eggplant-brownie */ = {
			isa = PBXNativeTarget;
			buildConfigurationList = AB79C3BA258BBFA20057FF3F /* Build configuration list for PBXNativeTarget "eggplant-brownie" */;
			buildPhases = (
				AB79C3A4258BBF9F0057FF3F /* Sources */,
				AB79C3A5258BBF9F0057FF3F /* Frameworks */,
				AB79C3A6258BBF9F0057FF3F /* Resources */,
			);
			buildRules = (
			);
			dependencies = (
			);
			name = "eggplant-brownie";
			productName = "eggplant-brownie";
			productReference = AB79C3A8258BBF9F0057FF3F /* eggplant-brownie.app */;
			productType = "com.apple.product-type.application";
		};
/* End PBXNativeTarget section */

/* Begin PBXProject section */
		AB79C3A0258BBF9F0057FF3F /* Project object */ = {
			isa = PBXProject;
			attributes = {
				LastSwiftUpdateCheck = 1010;
				LastUpgradeCheck = 1010;
				ORGANIZATIONNAME = everis;
				TargetAttributes = {
					AB79C3A7258BBF9F0057FF3F = {
						CreatedOnToolsVersion = 10.1;
					};
				};
			};
			buildConfigurationList = AB79C3A3258BBF9F0057FF3F /* Build configuration list for PBXProject "eggplant-brownie" */;
			compatibilityVersion = "Xcode 9.3";
			developmentRegion = en;
			hasScannedForEncodings = 0;
			knownRegions = (
				en,
				Base,
			);
			mainGroup = AB79C39F258BBF9F0057FF3F;
			productRefGroup = AB79C3A9258BBF9F0057FF3F /* Products */;
			projectDirPath = "";
			projectRoot = "";
			targets = (
				AB79C3A7258BBF9F0057FF3F /* eggplant-brownie */,
			);
		};
/* End PBXProject section */

/* Begin PBXResourcesBuildPhase section */
		AB79C3A6258BBF9F0057FF3F /* Resources */ = {
			isa = PBXResourcesBuildPhase;
			buildActionMask = 2147483647;
			files = (
				AB79C3B6258BBFA20057FF3F /* LaunchScreen.storyboard in Resources */,
				AB79C3B3258BBFA20057FF3F /* Assets.xcassets in Resources */,
				AB49D3D32597803E0070E974 /* AdicionarItensViewController.xib in Resources */,
				AB79C3B1258BBF9F0057FF3F /* Main.storyboard in Resources */,
			);
			runOnlyForDeploymentPostprocessing = 0;
		};
/* End PBXResourcesBuildPhase section */

/* Begin PBXSourcesBuildPhase section */
		AB79C3A4258BBF9F0057FF3F /* Sources */ = {
			isa = PBXSourcesBuildPhase;
			buildActionMask = 2147483647;
			files = (
				AB261345259808D200D36B8A /* RemoveRefeicaoViewController.swift in Sources */,
				ABF81EA525911CC400505CA2 /* Item.swift in Sources */,
				AB49D3D22597803E0070E974 /* AdicionarItensViewController.swift in Sources */,
				AB722550259933B700E401B1 /* RefeicaoDao.swift in Sources */,
				AB79C3AE258BBF9F0057FF3F /* ViewController.swift in Sources */,
				AB72255225993E6E00E401B1 /* ItemDao.swift in Sources */,
				ABF81EA325911BD400505CA2 /* Refeicao.swift in Sources */,
				AB79C3AC258BBF9F0057FF3F /* AppDelegate.swift in Sources */,
				ABF81EE6259151DF00505CA2 /* RefeicoesTableViewControllers.swift in Sources */,
				AB49D3D52597C8D90070E974 /* Alerta.swift in Sources */,
			);
			runOnlyForDeploymentPostprocessing = 0;
		};
/* End PBXSourcesBuildPhase section */

/* Begin PBXVariantGroup section */
		AB79C3AF258BBF9F0057FF3F /* Main.storyboard */ = {
			isa = PBXVariantGroup;
			children = (
				AB79C3B0258BBF9F0057FF3F /* Base */,
			);
			name = Main.storyboard;
			sourceTree = "<group>";
		};
		AB79C3B4258BBFA20057FF3F /* LaunchScreen.storyboard */ = {
			isa = PBXVariantGroup;
			children = (
				AB79C3B5258BBFA20057FF3F /* Base */,
			);
			name = LaunchScreen.storyboard;
			sourceTree = "<group>";
		};
/* End PBXVariantGroup section */

/* Begin XCBuildConfiguration section */
		AB79C3B8258BBFA20057FF3F /* Debug */ = {
			isa = XCBuildConfiguration;
			buildSettings = {
				ALWAYS_SEARCH_USER_PATHS = NO;
				CLANG_ANALYZER_NONNULL = YES;
				CLANG_ANALYZER_NUMBER_OBJECT_CONVERSION = YES_AGGRESSIVE;
				CLANG_CXX_LANGUAGE_STANDARD = "gnu++14";
				CLANG_CXX_LIBRARY = "libc++";
				CLANG_ENABLE_MODULES = YES;
				CLANG_ENABLE_OBJC_ARC = YES;
				CLANG_ENABLE_OBJC_WEAK = YES;
				CLANG_WARN_BLOCK_CAPTURE_AUTORELEASING = YES;
				CLANG_WARN_BOOL_CONVERSION = YES;
				CLANG_WARN_COMMA = YES;
				CLANG_WARN_CONSTANT_CONVERSION = YES;
				CLANG_WARN_DEPRECATED_OBJC_IMPLEMENTATIONS = YES;
				CLANG_WARN_DIRECT_OBJC_ISA_USAGE = YES_ERROR;
				CLANG_WARN_DOCUMENTATION_COMMENTS = YES;
				CLANG_WARN_EMPTY_BODY = YES;
				CLANG_WARN_ENUM_CONVERSION = YES;
				CLANG_WARN_INFINITE_RECURSION = YES;
				CLANG_WARN_INT_CONVERSION = YES;
				CLANG_WARN_NON_LITERAL_NULL_CONVERSION = YES;
				CLANG_WARN_OBJC_IMPLICIT_RETAIN_SELF = YES;
				CLANG_WARN_OBJC_LITERAL_CONVERSION = YES;
				CLANG_WARN_OBJC_ROOT_CLASS = YES_ERROR;
				CLANG_WARN_RANGE_LOOP_ANALYSIS = YES;
				CLANG_WARN_STRICT_PROTOTYPES = YES;
				CLANG_WARN_SUSPICIOUS_MOVE = YES;
				CLANG_WARN_UNGUARDED_AVAILABILITY = YES_AGGRESSIVE;
				CLANG_WARN_UNREACHABLE_CODE = YES;
				CLANG_WARN__DUPLICATE_METHOD_MATCH = YES;
				CODE_SIGN_IDENTITY = "iPhone Developer";
				COPY_PHASE_STRIP = NO;
				DEBUG_INFORMATION_FORMAT = dwarf;
				ENABLE_STRICT_OBJC_MSGSEND = YES;
				ENABLE_TESTABILITY = YES;
				GCC_C_LANGUAGE_STANDARD = gnu11;
				GCC_DYNAMIC_NO_PIC = NO;
				GCC_NO_COMMON_BLOCKS = YES;
				GCC_OPTIMIZATION_LEVEL = 0;
				GCC_PREPROCESSOR_DEFINITIONS = (
					"DEBUG=1",
					"$(inherited)",
				);
				GCC_WARN_64_TO_32_BIT_CONVERSION = YES;
				GCC_WARN_ABOUT_RETURN_TYPE = YES_ERROR;
				GCC_WARN_UNDECLARED_SELECTOR = YES;
				GCC_WARN_UNINITIALIZED_AUTOS = YES_AGGRESSIVE;
				GCC_WARN_UNUSED_FUNCTION = YES;
				GCC_WARN_UNUSED_VARIABLE = YES;
				IPHONEOS_DEPLOYMENT_TARGET = 12.1;
				MTL_ENABLE_DEBUG_INFO = INCLUDE_SOURCE;
				MTL_FAST_MATH = YES;
				ONLY_ACTIVE_ARCH = YES;
				SDKROOT = iphoneos;
				SWIFT_ACTIVE_COMPILATION_CONDITIONS = DEBUG;
				SWIFT_OPTIMIZATION_LEVEL = "-Onone";
			};
			name = Debug;
		};
		AB79C3B9258BBFA20057FF3F /* Release */ = {
			isa = XCBuildConfiguration;
			buildSettings = {
				ALWAYS_SEARCH_USER_PATHS = NO;
				CLANG_ANALYZER_NONNULL = YES;
				CLANG_ANALYZER_NUMBER_OBJECT_CONVERSION = YES_AGGRESSIVE;
				CLANG_CXX_LANGUAGE_STANDARD = "gnu++14";
				CLANG_CXX_LIBRARY = "libc++";
				CLANG_ENABLE_MODULES = YES;
				CLANG_ENABLE_OBJC_ARC = YES;
				CLANG_ENABLE_OBJC_WEAK = YES;
				CLANG_WARN_BLOCK_CAPTURE_AUTORELEASING = YES;
				CLANG_WARN_BOOL_CONVERSION = YES;
				CLANG_WARN_COMMA = YES;
				CLANG_WARN_CONSTANT_CONVERSION = YES;
				CLANG_WARN_DEPRECATED_OBJC_IMPLEMENTATIONS = YES;
				CLANG_WARN_DIRECT_OBJC_ISA_USAGE = YES_ERROR;
				CLANG_WARN_DOCUMENTATION_COMMENTS = YES;
				CLANG_WARN_EMPTY_BODY = YES;
				CLANG_WARN_ENUM_CONVERSION = YES;
				CLANG_WARN_INFINITE_RECURSION = YES;
				CLANG_WARN_INT_CONVERSION = YES;
				CLANG_WARN_NON_LITERAL_NULL_CONVERSION = YES;
				CLANG_WARN_OBJC_IMPLICIT_RETAIN_SELF = YES;
				CLANG_WARN_OBJC_LITERAL_CONVERSION = YES;
				CLANG_WARN_OBJC_ROOT_CLASS = YES_ERROR;
				CLANG_WARN_RANGE_LOOP_ANALYSIS = YES;
				CLANG_WARN_STRICT_PROTOTYPES = YES;
				CLANG_WARN_SUSPICIOUS_MOVE = YES;
				CLANG_WARN_UNGUARDED_AVAILABILITY = YES_AGGRESSIVE;
				CLANG_WARN_UNREACHABLE_CODE = YES;
				CLANG_WARN__DUPLICATE_METHOD_MATCH = YES;
				CODE_SIGN_IDENTITY = "iPhone Developer";
				COPY_PHASE_STRIP = NO;
				DEBUG_INFORMATION_FORMAT = "dwarf-with-dsym";
				ENABLE_NS_ASSERTIONS = NO;
				ENABLE_STRICT_OBJC_MSGSEND = YES;
				GCC_C_LANGUAGE_STANDARD = gnu11;
				GCC_NO_COMMON_BLOCKS = YES;
				GCC_WARN_64_TO_32_BIT_CONVERSION = YES;
				GCC_WARN_ABOUT_RETURN_TYPE = YES_ERROR;
				GCC_WARN_UNDECLARED_SELECTOR = YES;
				GCC_WARN_UNINITIALIZED_AUTOS = YES_AGGRESSIVE;
				GCC_WARN_UNUSED_FUNCTION = YES;
				GCC_WARN_UNUSED_VARIABLE = YES;
				IPHONEOS_DEPLOYMENT_TARGET = 12.1;
				MTL_ENABLE_DEBUG_INFO = NO;
				MTL_FAST_MATH = YES;
				SDKROOT = iphoneos;
				SWIFT_COMPILATION_MODE = wholemodule;
				SWIFT_OPTIMIZATION_LEVEL = "-O";
				VALIDATE_PRODUCT = YES;
			};
			name = Release;
		};
		AB79C3BB258BBFA20057FF3F /* Debug */ = {
			isa = XCBuildConfiguration;
			buildSettings = {
				ASSETCATALOG_COMPILER_APPICON_NAME = AppIcon;
				CODE_SIGN_STYLE = Automatic;
				INFOPLIST_FILE = "eggplant-brownie/Info.plist";
				LD_RUNPATH_SEARCH_PATHS = (
					"$(inherited)",
					"@executable_path/Frameworks",
				);
				PRODUCT_BUNDLE_IDENTIFIER = "everis.eggplant-brownie";
				PRODUCT_NAME = "$(TARGET_NAME)";
				SWIFT_VERSION = 4.2;
				TARGETED_DEVICE_FAMILY = "1,2";
			};
			name = Debug;
		};
		AB79C3BC258BBFA20057FF3F /* Release */ = {
			isa = XCBuildConfiguration;
			buildSettings = {
				ASSETCATALOG_COMPILER_APPICON_NAME = AppIcon;
				CODE_SIGN_STYLE = Automatic;
				INFOPLIST_FILE = "eggplant-brownie/Info.plist";
				LD_RUNPATH_SEARCH_PATHS = (
					"$(inherited)",
					"@executable_path/Frameworks",
				);
				PRODUCT_BUNDLE_IDENTIFIER = "everis.eggplant-brownie";
				PRODUCT_NAME = "$(TARGET_NAME)";
				SWIFT_VERSION = 4.2;
				TARGETED_DEVICE_FAMILY = "1,2";
			};
			name = Release;
		};
/* End XCBuildConfiguration section */

/* Begin XCConfigurationList section */
		AB79C3A3258BBF9F0057FF3F /* Build configuration list for PBXProject "eggplant-brownie" */ = {
			isa = XCConfigurationList;
			buildConfigurations = (
				AB79C3B8258BBFA20057FF3F /* Debug */,
				AB79C3B9258BBFA20057FF3F /* Release */,
			);
			defaultConfigurationIsVisible = 0;
			defaultConfigurationName = Release;
		};
		AB79C3BA258BBFA20057FF3F /* Build configuration list for PBXNativeTarget "eggplant-brownie" */ = {
			isa = XCConfigurationList;
			buildConfigurations = (
				AB79C3BB258BBFA20057FF3F /* Debug */,
				AB79C3BC258BBFA20057FF3F /* Release */,
			);
			defaultConfigurationIsVisible = 0;
			defaultConfigurationName = Release;
		};
/* End XCConfigurationList section */
	};
	rootObject = AB79C3A0258BBF9F0057FF3F /* Project object */;
}
